Microsoft Visual Studio Solution File, Format Version 12.00
# Visual Studio 2012
Project("{FAE04EC0-301F-11D3-BF4B-00C04F79EFBC}") = "Castle defenders 2d", "Castle defenders 2d.csproj", "{88BC05A7-1954-4E4D-8FBC-ED821A984241}"
EndProject
Global
	GlobalSection(SolutionConfigurationPlatforms) = preSolution
	Debug|Any CPU = Debug|Any CPU
	ExportDebug|Any CPU = ExportDebug|Any CPU
	ExportRelease|Any CPU = ExportRelease|Any CPU
	EndGlobalSection
	GlobalSection(ProjectConfigurationPlatforms) = postSolution
		{88BC05A7-1954-4E4D-8FBC-ED821A984241}.Debug|Any CPU.ActiveCfg = Debug|Any CPU
		{88BC05A7-1954-4E4D-8FBC-ED821A984241}.Debug|Any CPU.Build.0 = Debug|Any CPU
		{88BC05A7-1954-4E4D-8FBC-ED821A984241}.ExportDebug|Any CPU.ActiveCfg = ExportDebug|Any CPU
		{88BC05A7-1954-4E4D-8FBC-ED821A984241}.ExportDebug|Any CPU.Build.0 = ExportDebug|Any CPU
		{88BC05A7-1954-4E4D-8FBC-ED821A984241}.ExportRelease|Any CPU.ActiveCfg = ExportRelease|Any CPU
		{88BC05A7-1954-4E4D-8FBC-ED821A984241}.ExportRelease|Any CPU.Build.0 = ExportRelease|Any CPU
	EndGlobalSection
EndGlobal
